// !$*UTF8*$!
{
	archiveVersion = 1;
	classes = {
	};
	objectVersion = 50;
	objects = {

/* Begin PBXBuildFile section */
		B411142024FA53A7009BDF58 /* Constants.swift in Sources */ = {isa = PBXBuildFile; fileRef = B411141F24FA53A7009BDF58 /* Constants.swift */; };
		B411142224FA5B92009BDF58 /* Video.swift in Sources */ = {isa = PBXBuildFile; fileRef = B411142124FA5B92009BDF58 /* Video.swift */; };
		B411142424FA5C8D009BDF58 /* Model.swift in Sources */ = {isa = PBXBuildFile; fileRef = B411142324FA5C8D009BDF58 /* Model.swift */; };
		B411142624FC1A68009BDF58 /* Response.swift in Sources */ = {isa = PBXBuildFile; fileRef = B411142524FC1A68009BDF58 /* Response.swift */; };
		B416790F250252C5005ABB92 /* DetailViewController.swift in Sources */ = {isa = PBXBuildFile; fileRef = B416790E250252C5005ABB92 /* DetailViewController.swift */; };
		B4167912250262B6005ABB92 /* WebKit.framework in Frameworks */ = {isa = PBXBuildFile; fileRef = B4167911250262B6005ABB92 /* WebKit.framework */; };
		B44CB59324FF72560024F731 /* CacheManager.swift in Sources */ = {isa = PBXBuildFile; fileRef = B44CB59224FF72560024F731 /* CacheManager.swift */; };
		B44D058424F7CA080070F1F4 /* AppDelegate.swift in Sources */ = {isa = PBXBuildFile; fileRef = B44D058324F7CA080070F1F4 /* AppDelegate.swift */; };
		B44D058624F7CA080070F1F4 /* SceneDelegate.swift in Sources */ = {isa = PBXBuildFile; fileRef = B44D058524F7CA080070F1F4 /* SceneDelegate.swift */; };
		B44D058824F7CA080070F1F4 /* ViewController.swift in Sources */ = {isa = PBXBuildFile; fileRef = B44D058724F7CA080070F1F4 /* ViewController.swift */; };
		B44D058B24F7CA080070F1F4 /* Main.storyboard in Resources */ = {isa = PBXBuildFile; fileRef = B44D058924F7CA080070F1F4 /* Main.storyboard */; };
		B44D058D24F7CA0E0070F1F4 /* Assets.xcassets in Resources */ = {isa = PBXBuildFile; fileRef = B44D058C24F7CA0E0070F1F4 /* Assets.xcassets */; };
		B44D059024F7CA0E0070F1F4 /* LaunchScreen.storyboard in Resources */ = {isa = PBXBuildFile; fileRef = B44D058E24F7CA0E0070F1F4 /* LaunchScreen.storyboard */; };
		B478B53324FEBDB2005DCA40 /* VideoTableViewCell.swift in Sources */ = {isa = PBXBuildFile; fileRef = B478B53224FEBDB2005DCA40 /* VideoTableViewCell.swift */; };
/* End PBXBuildFile section */

/* Begin PBXFileReference section */
		B411141F24FA53A7009BDF58 /* Constants.swift */ = {isa = PBXFileReference; lastKnownFileType = sourcecode.swift; path = Constants.swift; sourceTree = "<group>"; };
		B411142124FA5B92009BDF58 /* Video.swift */ = {isa = PBXFileReference; lastKnownFileType = sourcecode.swift; path = Video.swift; sourceTree = "<group>"; };
		B411142324FA5C8D009BDF58 /* Model.swift */ = {isa = PBXFileReference; lastKnownFileType = sourcecode.swift; path = Model.swift; sourceTree = "<group>"; };
		B411142524FC1A68009BDF58 /* Response.swift */ = {isa = PBXFileReference; lastKnownFileType = sourcecode.swift; path = Response.swift; sourceTree = "<group>"; };
		B416790E250252C5005ABB92 /* DetailViewController.swift */ = {isa = PBXFileReference; lastKnownFileType = sourcecode.swift; path = DetailViewController.swift; sourceTree = "<group>"; };
		B4167911250262B6005ABB92 /* WebKit.framework */ = {isa = PBXFileReference; lastKnownFileType = wrapper.framework; name = WebKit.framework; path = System/Library/Frameworks/WebKit.framework; sourceTree = SDKROOT; };
		B44CB59224FF72560024F731 /* CacheManager.swift */ = {isa = PBXFileReference; lastKnownFileType = sourcecode.swift; path = CacheManager.swift; sourceTree = "<group>"; };
		B44D058024F7CA080070F1F4 /* Youtube_app.app */ = {isa = PBXFileReference; explicitFileType = wrapper.application; includeInIndex = 0; path = Youtube_app.app; sourceTree = BUILT_PRODUCTS_DIR; };
		B44D058324F7CA080070F1F4 /* AppDelegate.swift */ = {isa = PBXFileReference; lastKnownFileType = sourcecode.swift; path = AppDelegate.swift; sourceTree = "<group>"; };
		B44D058524F7CA080070F1F4 /* SceneDelegate.swift */ = {isa = PBXFileReference; lastKnownFileType = sourcecode.swift; path = SceneDelegate.swift; sourceTree = "<group>"; };
		B44D058724F7CA080070F1F4 /* ViewController.swift */ = {isa = PBXFileReference; lastKnownFileType = sourcecode.swift; path = ViewController.swift; sourceTree = "<group>"; };
		B44D058A24F7CA080070F1F4 /* Base */ = {isa = PBXFileReference; lastKnownFileType = file.storyboard; name = Base; path = Base.lproj/Main.storyboard; sourceTree = "<group>"; };
		B44D058C24F7CA0E0070F1F4 /* Assets.xcassets */ = {isa = PBXFileReference; lastKnownFileType = folder.assetcatalog; path = Assets.xcassets; sourceTree = "<group>"; };
		B44D058F24F7CA0E0070F1F4 /* Base */ = {isa = PBXFileReference; lastKnownFileType = file.storyboard; name = Base; path = Base.lproj/LaunchScreen.storyboard; sourceTree = "<group>"; };
		B44D059124F7CA0E0070F1F4 /* Info.plist */ = {isa = PBXFileReference; lastKnownFileType = text.plist.xml; path = Info.plist; sourceTree = "<group>"; };
		B478B53224FEBDB2005DCA40 /* VideoTableViewCell.swift */ = {isa = PBXFileReference; lastKnownFileType = sourcecode.swift; path = VideoTableViewCell.swift; sourceTree = "<group>"; };
/* End PBXFileReference section */

/* Begin PBXFrameworksBuildPhase section */
		B44D057D24F7CA080070F1F4 /* Frameworks */ = {
			isa = PBXFrameworksBuildPhase;
			buildActionMask = 2147483647;
			files = (
				B4167912250262B6005ABB92 /* WebKit.framework in Frameworks */,
			);
			runOnlyForDeploymentPostprocessing = 0;
		};
/* End PBXFrameworksBuildPhase section */

/* Begin PBXGroup section */
		B4167910250262B6005ABB92 /* Frameworks */ = {
			isa = PBXGroup;
			children = (
				B4167911250262B6005ABB92 /* WebKit.framework */,
			);
			name = Frameworks;
			sourceTree = "<group>";
		};
		B44D057724F7CA080070F1F4 = {
			isa = PBXGroup;
			children = (
				B44D058224F7CA080070F1F4 /* Youtube_app */,
				B44D058124F7CA080070F1F4 /* Products */,
				B4167910250262B6005ABB92 /* Frameworks */,
			);
			sourceTree = "<group>";
		};
		B44D058124F7CA080070F1F4 /* Products */ = {
			isa = PBXGroup;
			children = (
				B44D058024F7CA080070F1F4 /* Youtube_app.app */,
			);
			name = Products;
			sourceTree = "<group>";
		};
		B44D058224F7CA080070F1F4 /* Youtube_app */ = {
			isa = PBXGroup;
			children = (
				B44D058324F7CA080070F1F4 /* AppDelegate.swift */,
				B44D058524F7CA080070F1F4 /* SceneDelegate.swift */,
				B478B53124FEBD0E005DCA40 /* View Controllers */,
				B478B53024FEBCF2005DCA40 /* Views */,
				B478B52F24FEBCEA005DCA40 /* Models */,
				B478B52E24FEBCD1005DCA40 /* Storyboards */,
				B478B52D24FEBCAF005DCA40 /* Helpers */,
				B44D058C24F7CA0E0070F1F4 /* Assets.xcassets */,
				B44D059124F7CA0E0070F1F4 /* Info.plist */,
			);
			path = Youtube_app;
			sourceTree = "<group>";
		};
		B478B52D24FEBCAF005DCA40 /* Helpers */ = {
			isa = PBXGroup;
			children = (
				B411141F24FA53A7009BDF58 /* Constants.swift */,
				B44CB59224FF72560024F731 /* CacheManager.swift */,
			);
			path = Helpers;
			sourceTree = "<group>";
		};
		B478B52E24FEBCD1005DCA40 /* Storyboards */ = {
			isa = PBXGroup;
			children = (
				B44D058924F7CA080070F1F4 /* Main.storyboard */,
				B44D058E24F7CA0E0070F1F4 /* LaunchScreen.storyboard */,
			);
			path = Storyboards;
			sourceTree = "<group>";
		};
		B478B52F24FEBCEA005DCA40 /* Models */ = {
			isa = PBXGroup;
			children = (
				B411142124FA5B92009BDF58 /* Video.swift */,
				B411142324FA5C8D009BDF58 /* Model.swift */,
				B411142524FC1A68009BDF58 /* Response.swift */,
			);
			path = Models;
			sourceTree = "<group>";
		};
		B478B53024FEBCF2005DCA40 /* Views */ = {
			isa = PBXGroup;
			children = (
				B478B53224FEBDB2005DCA40 /* VideoTableViewCell.swift */,
			);
			path = Views;
			sourceTree = "<group>";
		};
		B478B53124FEBD0E005DCA40 /* View Controllers */ = {
			isa = PBXGroup;
			children = (
				B44D058724F7CA080070F1F4 /* ViewController.swift */,
				B416790E250252C5005ABB92 /* DetailViewController.swift */,
			);
			path = "View Controllers";
			sourceTree = "<group>";
		};
/* End PBXGroup section */

/* Begin PBXNativeTarget section */
		B44D057F24F7CA080070F1F4 /* Youtube_app */ = {
			isa = PBXNativeTarget;
			buildConfigurationList = B44D059424F7CA0E0070F1F4 /* Build configuration list for PBXNativeTarget "Youtube_app" */;
			buildPhases = (
				B44D057C24F7CA080070F1F4 /* Sources */,
				B44D057D24F7CA080070F1F4 /* Frameworks */,
				B44D057E24F7CA080070F1F4 /* Resources */,
			);
			buildRules = (
			);
			dependencies = (
			);
			name = Youtube_app;
			productName = Youtube_app;
			productReference = B44D058024F7CA080070F1F4 /* Youtube_app.app */;
			productType = "com.apple.product-type.application";
		};
/* End PBXNativeTarget section */

/* Begin PBXProject section */
		B44D057824F7CA080070F1F4 /* Project object */ = {
			isa = PBXProject;
			attributes = {
				LastSwiftUpdateCheck = 1160;
				LastUpgradeCheck = 1160;
				ORGANIZATIONNAME = "Maxym Bayluk";
				TargetAttributes = {
					B44D057F24F7CA080070F1F4 = {
						CreatedOnToolsVersion = 11.6;
					};
				};
			};
			buildConfigurationList = B44D057B24F7CA080070F1F4 /* Build configuration list for PBXProject "Youtube_app" */;
			compatibilityVersion = "Xcode 9.3";
			developmentRegion = en;
			hasScannedForEncodings = 0;
			knownRegions = (
				en,
				Base,
			);
			mainGroup = B44D057724F7CA080070F1F4;
			productRefGroup = B44D058124F7CA080070F1F4 /* Products */;
			projectDirPath = "";
			projectRoot = "";
			targets = (
				B44D057F24F7CA080070F1F4 /* Youtube_app */,
			);
		};
/* End PBXProject section */

/* Begin PBXResourcesBuildPhase section */
		B44D057E24F7CA080070F1F4 /* Resources */ = {
			isa = PBXResourcesBuildPhase;
			buildActionMask = 2147483647;
			files = (
				B44D059024F7CA0E0070F1F4 /* LaunchScreen.storyboard in Resources */,
				B44D058D24F7CA0E0070F1F4 /* Assets.xcassets in Resources */,
				B44D058B24F7CA080070F1F4 /* Main.storyboard in Resources */,
			);
			runOnlyForDeploymentPostprocessing = 0;
		};
/* End PBXResourcesBuildPhase section */

/* Begin PBXSourcesBuildPhase section */
		B44D057C24F7CA080070F1F4 /* Sources */ = {
			isa = PBXSourcesBuildPhase;
			buildActionMask = 2147483647;
			files = (
				B44D058824F7CA080070F1F4 /* ViewController.swift in Sources */,
				B44CB59324FF72560024F731 /* CacheManager.swift in Sources */,
				B44D058424F7CA080070F1F4 /* AppDelegate.swift in Sources */,
				B44D058624F7CA080070F1F4 /* SceneDelegate.swift in Sources */,
				B411142424FA5C8D009BDF58 /* Model.swift in Sources */,
				B411142024FA53A7009BDF58 /* Constants.swift in Sources */,
				B478B53324FEBDB2005DCA40 /* VideoTableViewCell.swift in Sources */,
				B416790F250252C5005ABB92 /* DetailViewController.swift in Sources */,
				B411142224FA5B92009BDF58 /* Video.swift in Sources */,
				B411142624FC1A68009BDF58 /* Response.swift in Sources */,
			);
			runOnlyForDeploymentPostprocessing = 0;
		};
/* End PBXSourcesBuildPhase section */

/* Begin PBXVariantGroup section */
		B44D058924F7CA080070F1F4 /* Main.storyboard */ = {
			isa = PBXVariantGroup;
			children = (
				B44D058A24F7CA080070F1F4 /* Base */,
			);
			name = Main.storyboard;
			sourceTree = "<group>";
		};
		B44D058E24F7CA0E0070F1F4 /* LaunchScreen.storyboard */ = {
			isa = PBXVariantGroup;
			children = (
				B44D058F24F7CA0E0070F1F4 /* Base */,
			);
			name = LaunchScreen.storyboard;
			sourceTree = "<group>";
		};
/* End PBXVariantGroup section */

/* Begin XCBuildConfiguration section */
		B44D059224F7CA0E0070F1F4 /* Debug */ = {
			isa = XCBuildConfiguration;
			buildSettings = {
				ALWAYS_SEARCH_USER_PATHS = NO;
				CLANG_ANALYZER_NONNULL = YES;
				CLANG_ANALYZER_NUMBER_OBJECT_CONVERSION = YES_AGGRESSIVE;
				CLANG_CXX_LANGUAGE_STANDARD = "gnu++14";
				CLANG_CXX_LIBRARY = "libc++";
				CLANG_ENABLE_MODULES = YES;
				CLANG_ENABLE_OBJC_ARC = YES;
				CLANG_ENABLE_OBJC_WEAK = YES;
				CLANG_WARN_BLOCK_CAPTURE_AUTORELEASING = YES;
				CLANG_WARN_BOOL_CONVERSION = YES;
				CLANG_WARN_COMMA = YES;
				CLANG_WARN_CONSTANT_CONVERSION = YES;
				CLANG_WARN_DEPRECATED_OBJC_IMPLEMENTATIONS = YES;
				CLANG_WARN_DIRECT_OBJC_ISA_USAGE = YES_ERROR;
				CLANG_WARN_DOCUMENTATION_COMMENTS = YES;
				CLANG_WARN_EMPTY_BODY = YES;
				CLANG_WARN_ENUM_CONVERSION = YES;
				CLANG_WARN_INFINITE_RECURSION = YES;
				CLANG_WARN_INT_CONVERSION = YES;
				CLANG_WARN_NON_LITERAL_NULL_CONVERSION = YES;
				CLANG_WARN_OBJC_IMPLICIT_RETAIN_SELF = YES;
				CLANG_WARN_OBJC_LITERAL_CONVERSION = YES;
				CLANG_WARN_OBJC_ROOT_CLASS = YES_ERROR;
				CLANG_WARN_RANGE_LOOP_ANALYSIS = YES;
				CLANG_WARN_STRICT_PROTOTYPES = YES;
				CLANG_WARN_SUSPICIOUS_MOVE = YES;
				CLANG_WARN_UNGUARDED_AVAILABILITY = YES_AGGRESSIVE;
				CLANG_WARN_UNREACHABLE_CODE = YES;
				CLANG_WARN__DUPLICATE_METHOD_MATCH = YES;
				COPY_PHASE_STRIP = NO;
				DEBUG_INFORMATION_FORMAT = dwarf;
				ENABLE_STRICT_OBJC_MSGSEND = YES;
				ENABLE_TESTABILITY = YES;
				GCC_C_LANGUAGE_STANDARD = gnu11;
				GCC_DYNAMIC_NO_PIC = NO;
				GCC_NO_COMMON_BLOCKS = YES;
				GCC_OPTIMIZATION_LEVEL = 0;
				GCC_PREPROCESSOR_DEFINITIONS = (
					"DEBUG=1",
					"$(inherited)",
				);
				GCC_WARN_64_TO_32_BIT_CONVERSION = YES;
				GCC_WARN_ABOUT_RETURN_TYPE = YES_ERROR;
				GCC_WARN_UNDECLARED_SELECTOR = YES;
				GCC_WARN_UNINITIALIZED_AUTOS = YES_AGGRESSIVE;
				GCC_WARN_UNUSED_FUNCTION = YES;
				GCC_WARN_UNUSED_VARIABLE = YES;
				IPHONEOS_DEPLOYMENT_TARGET = 13.6;
				MTL_ENABLE_DEBUG_INFO = INCLUDE_SOURCE;
				MTL_FAST_MATH = YES;
				ONLY_ACTIVE_ARCH = YES;
				SDKROOT = iphoneos;
				SWIFT_ACTIVE_COMPILATION_CONDITIONS = DEBUG;
				SWIFT_OPTIMIZATION_LEVEL = "-Onone";
			};
			name = Debug;
		};
		B44D059324F7CA0E0070F1F4 /* Release */ = {
			isa = XCBuildConfiguration;
			buildSettings = {
				ALWAYS_SEARCH_USER_PATHS = NO;
				CLANG_ANALYZER_NONNULL = YES;
				CLANG_ANALYZER_NUMBER_OBJECT_CONVERSION = YES_AGGRESSIVE;
				CLANG_CXX_LANGUAGE_STANDARD = "gnu++14";
				CLANG_CXX_LIBRARY = "libc++";
				CLANG_ENABLE_MODULES = YES;
				CLANG_ENABLE_OBJC_ARC = YES;
				CLANG_ENABLE_OBJC_WEAK = YES;
				CLANG_WARN_BLOCK_CAPTURE_AUTORELEASING = YES;
				CLANG_WARN_BOOL_CONVERSION = YES;
				CLANG_WARN_COMMA = YES;
				CLANG_WARN_CONSTANT_CONVERSION = YES;
				CLANG_WARN_DEPRECATED_OBJC_IMPLEMENTATIONS = YES;
				CLANG_WARN_DIRECT_OBJC_ISA_USAGE = YES_ERROR;
				CLANG_WARN_DOCUMENTATION_COMMENTS = YES;
				CLANG_WARN_EMPTY_BODY = YES;
				CLANG_WARN_ENUM_CONVERSION = YES;
				CLANG_WARN_INFINITE_RECURSION = YES;
				CLANG_WARN_INT_CONVERSION = YES;
				CLANG_WARN_NON_LITERAL_NULL_CONVERSION = YES;
				CLANG_WARN_OBJC_IMPLICIT_RETAIN_SELF = YES;
				CLANG_WARN_OBJC_LITERAL_CONVERSION = YES;
				CLANG_WARN_OBJC_ROOT_CLASS = YES_ERROR;
				CLANG_WARN_RANGE_LOOP_ANALYSIS = YES;
				CLANG_WARN_STRICT_PROTOTYPES = YES;
				CLANG_WARN_SUSPICIOUS_MOVE = YES;
				CLANG_WARN_UNGUARDED_AVAILABILITY = YES_AGGRESSIVE;
				CLANG_WARN_UNREACHABLE_CODE = YES;
				CLANG_WARN__DUPLICATE_METHOD_MATCH = YES;
				COPY_PHASE_STRIP = NO;
				DEBUG_INFORMATION_FORMAT = "dwarf-with-dsym";
				ENABLE_NS_ASSERTIONS = NO;
				ENABLE_STRICT_OBJC_MSGSEND = YES;
				GCC_C_LANGUAGE_STANDARD = gnu11;
				GCC_NO_COMMON_BLOCKS = YES;
				GCC_WARN_64_TO_32_BIT_CONVERSION = YES;
				GCC_WARN_ABOUT_RETURN_TYPE = YES_ERROR;
				GCC_WARN_UNDECLARED_SELECTOR = YES;
				GCC_WARN_UNINITIALIZED_AUTOS = YES_AGGRESSIVE;
				GCC_WARN_UNUSED_FUNCTION = YES;
				GCC_WARN_UNUSED_VARIABLE = YES;
				IPHONEOS_DEPLOYMENT_TARGET = 13.6;
				MTL_ENABLE_DEBUG_INFO = NO;
				MTL_FAST_MATH = YES;
				SDKROOT = iphoneos;
				SWIFT_COMPILATION_MODE = wholemodule;
				SWIFT_OPTIMIZATION_LEVEL = "-O";
				VALIDATE_PRODUCT = YES;
			};
			name = Release;
		};
		B44D059524F7CA0E0070F1F4 /* Debug */ = {
			isa = XCBuildConfiguration;
			buildSettings = {
				ASSETCATALOG_COMPILER_APPICON_NAME = AppIcon;
				CODE_SIGN_STYLE = Automatic;
				DEVELOPMENT_TEAM = 5PLQ4FS9SQ;
				INFOPLIST_FILE = Youtube_app/Info.plist;
				LD_RUNPATH_SEARCH_PATHS = (
					"$(inherited)",
					"@executable_path/Frameworks",
				);
				PRODUCT_BUNDLE_IDENTIFIER = "test.Youtube-app";
				PRODUCT_NAME = "$(TARGET_NAME)";
				SWIFT_VERSION = 5.0;
				TARGETED_DEVICE_FAMILY = "1,2";
			};
			name = Debug;
		};
		B44D059624F7CA0E0070F1F4 /* Release */ = {
			isa = XCBuildConfiguration;
			buildSettings = {
				ASSETCATALOG_COMPILER_APPICON_NAME = AppIcon;
				CODE_SIGN_STYLE = Automatic;
				DEVELOPMENT_TEAM = 5PLQ4FS9SQ;
				INFOPLIST_FILE = Youtube_app/Info.plist;
				LD_RUNPATH_SEARCH_PATHS = (
					"$(inherited)",
					"@executable_path/Frameworks",
				);
				PRODUCT_BUNDLE_IDENTIFIER = "test.Youtube-app";
				PRODUCT_NAME = "$(TARGET_NAME)";
				SWIFT_VERSION = 5.0;
				TARGETED_DEVICE_FAMILY = "1,2";
			};
			name = Release;
		};
/* End XCBuildConfiguration section */

/* Begin XCConfigurationList section */
		B44D057B24F7CA080070F1F4 /* Build configuration list for PBXProject "Youtube_app" */ = {
			isa = XCConfigurationList;
			buildConfigurations = (
				B44D059224F7CA0E0070F1F4 /* Debug */,
				B44D059324F7CA0E0070F1F4 /* Release */,
			);
			defaultConfigurationIsVisible = 0;
			defaultConfigurationName = Release;
		};
		B44D059424F7CA0E0070F1F4 /* Build configuration list for PBXNativeTarget "Youtube_app" */ = {
			isa = XCConfigurationList;
			buildConfigurations = (
				B44D059524F7CA0E0070F1F4 /* Debug */,
				B44D059624F7CA0E0070F1F4 /* Release */,
			);
			defaultConfigurationIsVisible = 0;
			defaultConfigurationName = Release;
		};
/* End XCConfigurationList section */
	};
	rootObject = B44D057824F7CA080070F1F4 /* Project object */;
}
